
Microsoft Visual Studio Solution File, Format Version 12.00
# Visual Studio Version 17
VisualStudioVersion = 17.9.34622.214
MinimumVisualStudioVersion = 10.0.40219.1
Project("{FAE04EC0-301F-11D3-BF4B-00C04F79EFBC}") = "apsrtc.cs", "apsrtc.cs\apsrtc.cs.csproj", "{19714FAC-58F7-4306-9ED9-CFEE8087520C}"
EndProject
Global
	GlobalSection(SolutionConfigurationPlatforms) = preSolution
		Debug|Any CPU = Debug|Any CPU
		Release|Any CPU = Release|Any CPU
	EndGlobalSection
	GlobalSection(ProjectConfigurationPlatforms) = postSolution
		{19714FAC-58F7-4306-9ED9-CFEE8087520C}.Debug|Any CPU.ActiveCfg = Debug|Any CPU
		{19714FAC-58F7-4306-9ED9-CFEE8087520C}.Debug|Any CPU.Build.0 = Debug|Any CPU
		{19714FAC-58F7-4306-9ED9-CFEE8087520C}.Release|Any CPU.ActiveCfg = Release|Any CPU
		{19714FAC-58F7-4306-9ED9-CFEE8087520C}.Release|Any CPU.Build.0 = Release|Any CPU
	EndGlobalSection
	GlobalSection(SolutionProperties) = preSolution
		HideSolutionNode = FALSE
	EndGlobalSection
	GlobalSection(ExtensibilityGlobals) = postSolution
		SolutionGuid = {F3447DFE-5750-4E4A-9D59-A3E21879B5A4}
	EndGlobalSection
EndGlobal
